
Microsoft Visual Studio Solution File, Format Version 12.00
# Visual Studio 15
VisualStudioVersion = 15.0.27428.2015
MinimumVisualStudioVersion = 10.0.40219.1
Project("{FAE04EC0-301F-11D3-BF4B-00C04F79EFBC}") = "MyDive.Server", "MyDive.Server\MyDive.Server.csproj", "{191F0F67-7D33-4D74-B264-AAE2C27180BB}"
EndProject
Global
	GlobalSection(SolutionConfigurationPlatforms) = preSolution
		Debug|Any CPU = Debug|Any CPU
		Release|Any CPU = Release|Any CPU
	EndGlobalSection
	GlobalSection(ProjectConfigurationPlatforms) = postSolution
		{191F0F67-7D33-4D74-B264-AAE2C27180BB}.Debug|Any CPU.ActiveCfg = Debug|Any CPU
		{191F0F67-7D33-4D74-B264-AAE2C27180BB}.Debug|Any CPU.Build.0 = Debug|Any CPU
		{191F0F67-7D33-4D74-B264-AAE2C27180BB}.Release|Any CPU.ActiveCfg = Release|Any CPU
		{191F0F67-7D33-4D74-B264-AAE2C27180BB}.Release|Any CPU.Build.0 = Release|Any CPU
	EndGlobalSection
	GlobalSection(SolutionProperties) = preSolution
		HideSolutionNode = FALSE
	EndGlobalSection
	GlobalSection(ExtensibilityGlobals) = postSolution
		SolutionGuid = {5491F664-AFCD-4F6A-9910-0E49D611AC81}
	EndGlobalSection
EndGlobal
